{
  "version": 4,
  "terraform_version": "0.12.12",
  "serial": 3,
  "lineage": "6512672a-b1c8-22b9-19f6-546ba7416824",
  "outputs": {},
  "resources": [
    {
      "mode": "managed",
      "type": "google_compute_address",
      "name": "ip_address",
      "provider": "provider.google",
      "instances": [
        {
          "schema_version": 0,
          "attributes": {
            "address": "34.69.127.168",
            "address_type": "EXTERNAL",
            "creation_timestamp": "2020-01-07T07:50:03.870-08:00",
            "description": "",
            "id": "projects/inretail-tpo-challenge/regions/us-central1/addresses/inretail-tpo-challenge-ip",
            "name": "inretail-tpo-challenge-ip",
            "network_tier": "PREMIUM",
            "project": "inretail-tpo-challenge",
            "purpose": "",
            "region": "us-central1",
            "self_link": "https://www.googleapis.com/compute/v1/projects/inretail-tpo-challenge/regions/us-central1/addresses/inretail-tpo-challenge-ip",
            "subnetwork": "",
            "timeouts": null,
            "users": []
          },
          "private": "eyJlMmJmYjczMC1lY2FhLTExZTYtOGY4OC0zNDM2M2JjN2M0YzAiOnsiY3JlYXRlIjoyNDAwMDAwMDAwMDAsImRlbGV0ZSI6MjQwMDAwMDAwMDAwfX0="
        }
      ]
    }
  ]
}
