{
  "version": 4,
  "terraform_version": "0.12.12",
  "serial": 5,
  "lineage": "6512672a-b1c8-22b9-19f6-546ba7416824",
  "outputs": {},
  "resources": [
    {
      "mode": "managed",
      "type": "google_compute_address",
      "name": "ip_address",
      "provider": "provider.google",
      "instances": [
        {
          "schema_version": 0,
          "attributes": {
            "address": "34.69.127.168",
            "address_type": "EXTERNAL",
            "creation_timestamp": "2020-01-07T07:50:03.870-08:00",
            "description": "",
            "id": "projects/inretail-tpo-challenge/regions/us-central1/addresses/inretail-tpo-challenge-ip",
            "name": "inretail-tpo-challenge-ip",
            "network_tier": "PREMIUM",
            "project": "inretail-tpo-challenge",
            "purpose": "",
            "region": "us-central1",
            "self_link": "https://www.googleapis.com/compute/v1/projects/inretail-tpo-challenge/regions/us-central1/addresses/inretail-tpo-challenge-ip",
            "subnetwork": "",
            "timeouts": null,
            "users": []
          },
          "private": "eyJlMmJmYjczMC1lY2FhLTExZTYtOGY4OC0zNDM2M2JjN2M0YzAiOnsiY3JlYXRlIjoyNDAwMDAwMDAwMDAsImRlbGV0ZSI6MjQwMDAwMDAwMDAwfX0="
        }
      ]
    },
    {
      "mode": "managed",
      "type": "google_container_cluster",
      "name": "primary",
      "provider": "provider.google",
      "instances": [
        {
          "schema_version": 1,
          "attributes": {
            "additional_zones": null,
            "addons_config": [
              {
                "horizontal_pod_autoscaling": [],
                "http_load_balancing": [],
                "kubernetes_dashboard": [],
                "network_policy_config": [
                  {
                    "disabled": true
                  }
                ]
              }
            ],
            "authenticator_groups_config": [],
            "cluster_autoscaling": [
              {
                "auto_provisioning_defaults": [],
                "enabled": false,
                "resource_limits": []
              }
            ],
            "cluster_ipv4_cidr": "10.0.0.0/14",
            "default_max_pods_per_node": 110,
            "description": "",
            "enable_binary_authorization": null,
            "enable_intranode_visibility": null,
            "enable_kubernetes_alpha": false,
            "enable_legacy_abac": false,
            "enable_tpu": null,
            "endpoint": "35.225.141.127",
            "id": "projects/inretail-tpo-challenge/locations/us-central1-a/clusters/inretail-tpo-challenge-cluster",
            "initial_node_count": 2,
            "instance_group_urls": [
              "https://www.googleapis.com/compute/v1/projects/inretail-tpo-challenge/zones/us-central1-a/instanceGroups/gke-inretail-tpo-challen-default-pool-fb921326-grp"
            ],
            "ip_allocation_policy": [],
            "location": "us-central1-a",
            "logging_service": "logging.googleapis.com/kubernetes",
            "maintenance_policy": [],
            "master_auth": [
              {
                "client_certificate": "",
                "client_certificate_config": [
                  {
                    "issue_client_certificate": false
                  }
                ],
                "client_key": "",
                "cluster_ca_certificate": "LS0tLS1CRUdJTiBDRVJUSUZJQ0FURS0tLS0tCk1JSURDekNDQWZPZ0F3SUJBZ0lRYi9LMHlXYkx0d1BGNzlIb1ArUmtEakFOQmdrcWhraUc5dzBCQVFzRkFEQXYKTVMwd0t3WURWUVFERXlRM05qRXhabUk0TnkwM1lqUXhMVFE0TkdNdFlqUTJNQzAyTXpVeFlUZzBPVEptWmpNdwpIaGNOTWpBd01UQTNNVFExTURRMldoY05NalV3TVRBMU1UVTFNRFEyV2pBdk1TMHdLd1lEVlFRREV5UTNOakV4ClptSTROeTAzWWpReExUUTROR010WWpRMk1DMDJNelV4WVRnME9USm1aak13Z2dFaU1BMEdDU3FHU0liM0RRRUIKQVFVQUE0SUJEd0F3Z2dFS0FvSUJBUURWMmp5RE92YmhSTEVwT0VRTUF6aEs2MDNtb1RxZnFEdTBpaDNPYlYyMQozS0tmOW10enJ5VHFmTUJ3bUFPcSszY0JjSGhuMkgvRzQxZk40d3FCV3c4K2tzdXVmMHBXamlDMkdjTFR1RzBaCmtucHNHZ1I5TjM3OHFFZlA2eFdQSDlxQXhwWlhwV09rbDg2UTlJNll0d2tpL2V1WWFOQzB5bDVKeHQ5MjdUNEMKSjhPRVdiaWsraG5hTnRHTFN0VFROMEx2Wko0aXY1RUdJUFFDL0x4OU1aMHNuT2FVVk4yNG1VYWFzeER1S0tyRwprV2tjMkN1Y09YQ3Y5eHp3N2RhTGVyUnZUUUJjakRYYXpaQlcySldPbG1GWU5ZcUdoSEZaM1d2aWt0VVRYOEN4CnFIVHJ6dEpvalBackF1bnY3SzlpOVlzblphNEI4WXJnT0xPd29FZXZzeFc1QWdNQkFBR2pJekFoTUE0R0ExVWQKRHdFQi93UUVBd0lDQkRBUEJnTlZIUk1CQWY4RUJUQURBUUgvTUEwR0NTcUdTSWIzRFFFQkN3VUFBNElCQVFDegpmVjlGYnFTZGZzL2NVbVZtbnFSV01lckhPVXVDWUh0YlZUQ2VoVDBkWEhXUkg0ZHJYSGdLNHluSnZVTmoweDQwCktESk95MU91d0FrVm8vMDVGb2dpTmxLVWZMUURGNEt2RCtYZUJ1VWVZR2UyT09ibzhBQU9XQURuQzlCV0FTOGMKMzhvdUN5ZzRYM0RWU2JSbHdnTkhTTHU0K3d0UmM1Tm53eVQ0VHdvNE1ITXo4YW1FdWpEcXJvZm1kRFBVeG15bQpjUGpYN1kyTmZhV1BaY1FTUkZuZkdFdms3V0Fxc1dTd3B5a2N5WHloWWkza1RSa3lZbXhpNHNvQnYvaTdoWGxUCkRlMmlQcitiOG9SWmpETE9KVlIzQ21KT3U5RGMrbEZtMGtyR3BIeGp6aXBSYjUwbWtmTm5DRlNDdnl2dEx5UFcKUzVYZFlOZ3JwVjlwdnBtY1FZN0gKLS0tLS1FTkQgQ0VSVElGSUNBVEUtLS0tLQo=",
                "password": "",
                "username": ""
              }
            ],
            "master_authorized_networks_config": [],
            "master_version": "1.13.11-gke.14",
            "min_master_version": null,
            "monitoring_service": "monitoring.googleapis.com/kubernetes",
            "name": "inretail-tpo-challenge-cluster",
            "network": "projects/inretail-tpo-challenge/global/networks/default",
            "network_policy": [
              {
                "enabled": false,
                "provider": "PROVIDER_UNSPECIFIED"
              }
            ],
            "node_config": [
              {
                "disk_size_gb": 100,
                "disk_type": "pd-standard",
                "guest_accelerator": [],
                "image_type": "COS",
                "labels": {
                  "app": "inretail-tpo-challenge",
                  "environment": "test"
                },
                "local_ssd_count": 0,
                "machine_type": "n1-standard-1",
                "metadata": {
                  "disable-legacy-endpoints": "true"
                },
                "min_cpu_platform": "",
                "oauth_scopes": [
                  "https://www.googleapis.com/auth/logging.write",
                  "https://www.googleapis.com/auth/monitoring"
                ],
                "preemptible": false,
                "sandbox_config": [],
                "service_account": "default",
                "shielded_instance_config": [
                  {
                    "enable_integrity_monitoring": true,
                    "enable_secure_boot": false
                  }
                ],
                "tags": [
                  "dev",
                  "qa",
                  "prod",
                  "mvillarreal",
                  "inretail"
                ],
                "taint": [],
                "workload_metadata_config": []
              }
            ],
            "node_locations": [],
            "node_pool": [
              {
                "autoscaling": [],
                "initial_node_count": 2,
                "instance_group_urls": [
                  "https://www.googleapis.com/compute/v1/projects/inretail-tpo-challenge/zones/us-central1-a/instanceGroupManagers/gke-inretail-tpo-challen-default-pool-fb921326-grp"
                ],
                "management": [
                  {
                    "auto_repair": false,
                    "auto_upgrade": false
                  }
                ],
                "max_pods_per_node": 0,
                "name": "default-pool",
                "name_prefix": "",
                "node_config": [
                  {
                    "disk_size_gb": 100,
                    "disk_type": "pd-standard",
                    "guest_accelerator": [],
                    "image_type": "COS",
                    "labels": {
                      "app": "inretail-tpo-challenge",
                      "environment": "test"
                    },
                    "local_ssd_count": 0,
                    "machine_type": "n1-standard-1",
                    "metadata": {
                      "disable-legacy-endpoints": "true"
                    },
                    "min_cpu_platform": "",
                    "oauth_scopes": [
                      "https://www.googleapis.com/auth/logging.write",
                      "https://www.googleapis.com/auth/monitoring"
                    ],
                    "preemptible": false,
                    "sandbox_config": [],
                    "service_account": "default",
                    "shielded_instance_config": [
                      {
                        "enable_integrity_monitoring": true,
                        "enable_secure_boot": false
                      }
                    ],
                    "tags": [
                      "dev",
                      "qa",
                      "prod",
                      "mvillarreal",
                      "inretail"
                    ],
                    "taint": [],
                    "workload_metadata_config": []
                  }
                ],
                "node_count": 2,
                "version": "1.13.11-gke.14"
              }
            ],
            "node_version": "1.13.11-gke.14",
            "pod_security_policy_config": [],
            "private_cluster_config": [],
            "project": "inretail-tpo-challenge",
            "region": null,
            "remove_default_node_pool": null,
            "resource_labels": null,
            "services_ipv4_cidr": "10.3.240.0/20",
            "subnetwork": "projects/inretail-tpo-challenge/regions/us-central1/subnetworks/default",
            "timeouts": {
              "create": "30m",
              "delete": null,
              "update": "40m"
            },
            "vertical_pod_autoscaling": [],
            "zone": null
          },
          "private": "eyJlMmJmYjczMC1lY2FhLTExZTYtOGY4OC0zNDM2M2JjN2M0YzAiOnsiY3JlYXRlIjoxODAwMDAwMDAwMDAwLCJkZWxldGUiOjI0MDAwMDAwMDAwMDAsInVwZGF0ZSI6MjQwMDAwMDAwMDAwMH0sInNjaGVtYV92ZXJzaW9uIjoiMSJ9"
        }
      ]
    }
  ]
}
