{
  "version": 4,
  "terraform_version": "0.12.12",
  "serial": 4,
  "lineage": "d6a2c206-153a-c75c-15f7-20719657d547",
  "outputs": {},
  "resources": [
    {
      "mode": "managed",
      "type": "google_compute_address",
      "name": "ip_address",
      "provider": "provider.google",
      "instances": [
        {
          "schema_version": 0,
          "attributes": {
            "address": "35.188.72.154",
            "address_type": "EXTERNAL",
            "creation_timestamp": "2020-01-08T14:54:06.019-08:00",
            "description": "",
            "id": "projects/mvillarreal-tpo-challenge/regions/us-central1/addresses/inretail-tpo-challenge-ip",
            "name": "inretail-tpo-challenge-ip",
            "network_tier": "PREMIUM",
            "project": "mvillarreal-tpo-challenge",
            "purpose": "",
            "region": "us-central1",
            "self_link": "https://www.googleapis.com/compute/v1/projects/mvillarreal-tpo-challenge/regions/us-central1/addresses/inretail-tpo-challenge-ip",
            "subnetwork": "",
            "timeouts": null,
            "users": []
          },
          "private": "eyJlMmJmYjczMC1lY2FhLTExZTYtOGY4OC0zNDM2M2JjN2M0YzAiOnsiY3JlYXRlIjoyNDAwMDAwMDAwMDAsImRlbGV0ZSI6MjQwMDAwMDAwMDAwfX0="
        }
      ]
    },
    {
      "mode": "managed",
      "type": "google_container_cluster",
      "name": "primary",
      "provider": "provider.google",
      "instances": [
        {
          "schema_version": 1,
          "attributes": {
            "additional_zones": [],
            "addons_config": [
              {
                "horizontal_pod_autoscaling": [],
                "http_load_balancing": [],
                "kubernetes_dashboard": [],
                "network_policy_config": [
                  {
                    "disabled": true
                  }
                ]
              }
            ],
            "authenticator_groups_config": [],
            "cluster_autoscaling": [
              {
                "auto_provisioning_defaults": [],
                "enabled": false,
                "resource_limits": []
              }
            ],
            "cluster_ipv4_cidr": "10.0.0.0/14",
            "default_max_pods_per_node": 110,
            "description": "",
            "enable_binary_authorization": null,
            "enable_intranode_visibility": null,
            "enable_kubernetes_alpha": false,
            "enable_legacy_abac": false,
            "enable_tpu": null,
            "endpoint": "35.238.3.29",
            "id": "projects/mvillarreal-tpo-challenge/locations/us-central1-a/clusters/inretail-tpo-challenge-cluster",
            "initial_node_count": 2,
            "instance_group_urls": [
              "https://www.googleapis.com/compute/v1/projects/mvillarreal-tpo-challenge/zones/us-central1-a/instanceGroups/gke-inretail-tpo-challen-default-pool-316d66d3-grp"
            ],
            "ip_allocation_policy": [],
            "location": "us-central1-a",
            "logging_service": "logging.googleapis.com/kubernetes",
            "maintenance_policy": [],
            "master_auth": [
              {
                "client_certificate": "",
                "client_certificate_config": [
                  {
                    "issue_client_certificate": false
                  }
                ],
                "client_key": "",
                "cluster_ca_certificate": "LS0tLS1CRUdJTiBDRVJUSUZJQ0FURS0tLS0tCk1JSURERENDQWZTZ0F3SUJBZ0lSQU9VRVRKS2wvVTNGQXppeVRqa0FxNzB3RFFZSktvWklodmNOQVFFTEJRQXcKTHpFdE1Dc0dBMVVFQXhNa09XTmxZVFpsTm1JdFlUSmxOQzAwT0RBMkxXSTBOamd0T1RGak5EWmlOVFUzWWprMQpNQjRYRFRJd01ERXdPREl4TlRRd05Wb1hEVEkxTURFd05qSXlOVFF3TlZvd0x6RXRNQ3NHQTFVRUF4TWtPV05sCllUWmxObUl0WVRKbE5DMDBPREEyTFdJME5qZ3RPVEZqTkRaaU5UVTNZamsxTUlJQklqQU5CZ2txaGtpRzl3MEIKQVFFRkFBT0NBUThBTUlJQkNnS0NBUUVBcEorYWNHdVR5NTB0TXBvN1VEQXVnVGQyODVWTGZnanpSYWpvYU4yYgo3TWxUUU9HTEg4T0RlNUJOeGtGK1drMFp1WEJlVk9Ra3FQaW5RSWpFYlBydkg1Vk1BL0FPcFljWmF2MFlUa040CkgzSHZ6K2NIL1g3OXFDS2dlWE8yTmFuNUkyc0Zaa0paOUJqVk9DNmJlSFpjTHhzb0xTa1ZtdmlHdmgvNklrNUEKREw3ckFSZ2ZtYzI1Q1pOcmMrNFRISFI0UWJpK0hUWnpTQS9kUHQ3a1lrRTM4enVEQ21kNjQ4Wm94N0xIbTNPKwozNXBEM210UTQ4U0g2UXpsVmhVOGs2ODNSUnl0Q1dLazhRV2RSckZUanlLNW9GZ2d0bjZNV2szMEhlQ3VnUjVOCnFoTitsK01XMHRhbU9QVXYyZ1NaK01WWHIycGI3MGRTaGVNVXVOcDVrS0ptYlFJREFRQUJveU13SVRBT0JnTlYKSFE4QkFmOEVCQU1DQWdRd0R3WURWUjBUQVFIL0JBVXdBd0VCL3pBTkJna3Foa2lHOXcwQkFRc0ZBQU9DQVFFQQpkTFA0ZmIwOUNVRFBxclM0TE96VmRXaE1aenlTeUIvcnYrRjZqNUVNQ0dsNjcrVXRLdjhZTGQxeldxUStkMzdqCkNGWDg5MTdkb2JyUkFPZzJJVlFmMk5mellPY2FodFFNUVNxT1U5NUtQbng4dy9mRXNwUjgvR3piZ0tqQ1MyU24KdDNOMHovSC9uT1RXN0h1QzBKamRwOC9Md0J6RnVGWWFza0VSTW5oT2FualF4c1E3b3A1LzBPSEVkRC9oZndsYwpyNys4cDdBSW80NVBjQ3c0eGhTcHozbFNndVBVeTRsakJUeVl3d00rOEdmOU9pWCtEY2JrZ1ZFZ1FkRjk0dmhvCmN1QWVoZEFMOXJmeEFHZGRtc1JDcE5DOElZZGdDWm9IeU1tT0FSL0pDS0RxRzJDTGp1NFp6UG9HTVVNdUYxY0IKZzByVEVhQWt6OWlnVVpVak9qU0NnZz09Ci0tLS0tRU5EIENFUlRJRklDQVRFLS0tLS0K",
                "password": "",
                "username": ""
              }
            ],
            "master_authorized_networks_config": [],
            "master_version": "1.13.11-gke.14",
            "min_master_version": null,
            "monitoring_service": "monitoring.googleapis.com/kubernetes",
            "name": "inretail-tpo-challenge-cluster",
            "network": "projects/mvillarreal-tpo-challenge/global/networks/default",
            "network_policy": [
              {
                "enabled": false,
                "provider": "PROVIDER_UNSPECIFIED"
              }
            ],
            "node_config": [
              {
                "disk_size_gb": 100,
                "disk_type": "pd-standard",
                "guest_accelerator": [],
                "image_type": "COS",
                "labels": {
                  "app": "inretail-tpo-challenge",
                  "environment": "test"
                },
                "local_ssd_count": 0,
                "machine_type": "n1-standard-1",
                "metadata": {
                  "disable-legacy-endpoints": "true"
                },
                "min_cpu_platform": "",
                "oauth_scopes": [
                  "https://www.googleapis.com/auth/logging.write",
                  "https://www.googleapis.com/auth/monitoring"
                ],
                "preemptible": false,
                "sandbox_config": [],
                "service_account": "default",
                "shielded_instance_config": [
                  {
                    "enable_integrity_monitoring": true,
                    "enable_secure_boot": false
                  }
                ],
                "tags": [
                  "dev",
                  "qa",
                  "prod",
                  "mvillarreal",
                  "inretail"
                ],
                "taint": [],
                "workload_metadata_config": []
              }
            ],
            "node_locations": [],
            "node_pool": [
              {
                "autoscaling": [],
                "initial_node_count": 2,
                "instance_group_urls": [
                  "https://www.googleapis.com/compute/v1/projects/mvillarreal-tpo-challenge/zones/us-central1-a/instanceGroupManagers/gke-inretail-tpo-challen-default-pool-316d66d3-grp"
                ],
                "management": [
                  {
                    "auto_repair": false,
                    "auto_upgrade": false
                  }
                ],
                "max_pods_per_node": 0,
                "name": "default-pool",
                "name_prefix": "",
                "node_config": [
                  {
                    "disk_size_gb": 100,
                    "disk_type": "pd-standard",
                    "guest_accelerator": [],
                    "image_type": "COS",
                    "labels": {
                      "app": "inretail-tpo-challenge",
                      "environment": "test"
                    },
                    "local_ssd_count": 0,
                    "machine_type": "n1-standard-1",
                    "metadata": {
                      "disable-legacy-endpoints": "true"
                    },
                    "min_cpu_platform": "",
                    "oauth_scopes": [
                      "https://www.googleapis.com/auth/logging.write",
                      "https://www.googleapis.com/auth/monitoring"
                    ],
                    "preemptible": false,
                    "sandbox_config": [],
                    "service_account": "default",
                    "shielded_instance_config": [
                      {
                        "enable_integrity_monitoring": true,
                        "enable_secure_boot": false
                      }
                    ],
                    "tags": [
                      "dev",
                      "qa",
                      "prod",
                      "mvillarreal",
                      "inretail"
                    ],
                    "taint": [],
                    "workload_metadata_config": []
                  }
                ],
                "node_count": 2,
                "version": "1.13.11-gke.14"
              }
            ],
            "node_version": "1.13.11-gke.14",
            "operation": null,
            "pod_security_policy_config": null,
            "private_cluster_config": [],
            "project": "mvillarreal-tpo-challenge",
            "region": null,
            "remove_default_node_pool": null,
            "resource_labels": null,
            "services_ipv4_cidr": "10.3.240.0/20",
            "subnetwork": "projects/mvillarreal-tpo-challenge/regions/us-central1/subnetworks/default",
            "timeouts": {
              "create": "30m",
              "delete": null,
              "update": "40m"
            },
            "vertical_pod_autoscaling": [],
            "zone": null
          },
          "private": "eyJlMmJmYjczMC1lY2FhLTExZTYtOGY4OC0zNDM2M2JjN2M0YzAiOnsiY3JlYXRlIjoxODAwMDAwMDAwMDAwLCJkZWxldGUiOjI0MDAwMDAwMDAwMDAsInVwZGF0ZSI6MjQwMDAwMDAwMDAwMH0sInNjaGVtYV92ZXJzaW9uIjoiMSJ9"
        }
      ]
    }
  ]
}
