{
  "version": 4,
  "terraform_version": "0.12.12",
  "serial": 30,
  "lineage": "87f8cd43-9ad4-d561-9310-8a9e78ca41c4",
  "outputs": {},
  "resources": [
    {
      "mode": "managed",
      "type": "google_compute_global_address",
      "name": "tpo_address",
      "provider": "provider.google",
      "instances": [
        {
          "schema_version": 0,
          "attributes": {
            "address": "34.107.136.77",
            "address_type": "EXTERNAL",
            "creation_timestamp": "2020-01-10T09:18:31.223-08:00",
            "description": "I",
            "id": "projects/mvillarreal-tpo-challenge/global/addresses/inretail-tpo-challenge-ip",
            "ip_version": "",
            "name": "inretail-tpo-challenge-ip",
            "network": "",
            "prefix_length": 0,
            "project": "mvillarreal-tpo-challenge",
            "purpose": "",
            "self_link": "https://www.googleapis.com/compute/v1/projects/mvillarreal-tpo-challenge/global/addresses/inretail-tpo-challenge-ip",
            "timeouts": null
          },
          "private": "eyJlMmJmYjczMC1lY2FhLTExZTYtOGY4OC0zNDM2M2JjN2M0YzAiOnsiY3JlYXRlIjoyNDAwMDAwMDAwMDAsImRlbGV0ZSI6MjQwMDAwMDAwMDAwfX0="
        }
      ]
    },
    {
      "mode": "managed",
      "type": "google_compute_network",
      "name": "private_network",
      "provider": "provider.google-beta",
      "instances": [
        {
          "schema_version": 0,
          "attributes": {
            "auto_create_subnetworks": true,
            "delete_default_routes_on_create": false,
            "description": "",
            "gateway_ipv4": "",
            "id": "projects/mvillarreal-tpo-challenge/global/networks/private-network",
            "ipv4_range": null,
            "name": "private-network",
            "project": "mvillarreal-tpo-challenge",
            "routing_mode": "REGIONAL",
            "self_link": "https://www.googleapis.com/compute/v1/projects/mvillarreal-tpo-challenge/global/networks/private-network",
            "timeouts": null
          },
          "private": "eyJlMmJmYjczMC1lY2FhLTExZTYtOGY4OC0zNDM2M2JjN2M0YzAiOnsiY3JlYXRlIjoyNDAwMDAwMDAwMDAsImRlbGV0ZSI6MjQwMDAwMDAwMDAwLCJ1cGRhdGUiOjI0MDAwMDAwMDAwMH19"
        }
      ]
    },
    {
      "mode": "managed",
      "type": "google_container_cluster",
      "name": "primary",
      "provider": "provider.google",
      "instances": [
        {
          "schema_version": 1,
          "attributes": {
            "additional_zones": [],
            "addons_config": [
              {
                "horizontal_pod_autoscaling": [],
                "http_load_balancing": [],
                "kubernetes_dashboard": [],
                "network_policy_config": [
                  {
                    "disabled": true
                  }
                ]
              }
            ],
            "authenticator_groups_config": [],
            "cluster_autoscaling": [
              {
                "auto_provisioning_defaults": [],
                "enabled": false,
                "resource_limits": []
              }
            ],
            "cluster_ipv4_cidr": "10.0.0.0/14",
            "default_max_pods_per_node": 110,
            "description": "",
            "enable_binary_authorization": null,
            "enable_intranode_visibility": null,
            "enable_kubernetes_alpha": false,
            "enable_legacy_abac": false,
            "enable_tpu": null,
            "endpoint": "34.68.221.213",
            "id": "projects/mvillarreal-tpo-challenge/locations/us-central1-a/clusters/inretail-tpo-challenge-cluster",
            "initial_node_count": 2,
            "instance_group_urls": [
              "https://www.googleapis.com/compute/v1/projects/mvillarreal-tpo-challenge/zones/us-central1-a/instanceGroups/gke-inretail-tpo-challen-default-pool-706a7694-grp"
            ],
            "ip_allocation_policy": [],
            "location": "us-central1-a",
            "logging_service": "logging.googleapis.com/kubernetes",
            "maintenance_policy": [],
            "master_auth": [
              {
                "client_certificate": "",
                "client_certificate_config": [
                  {
                    "issue_client_certificate": false
                  }
                ],
                "client_key": "",
                "cluster_ca_certificate": "LS0tLS1CRUdJTiBDRVJUSUZJQ0FURS0tLS0tCk1JSURDekNDQWZPZ0F3SUJBZ0lRSlUzYmxuQ0crSWNSWXh5SnJSckdWVEFOQmdrcWhraUc5dzBCQVFzRkFEQXYKTVMwd0t3WURWUVFERXlRMlpqUm1ZVEJrTUMweU5tRTNMVFE1TXpJdE9EUm1NQzB3TkRReU1tVTJabUk0WkRjdwpIaGNOTWpBd01URXdNVFkwTWpVMldoY05NalV3TVRBNE1UYzBNalUyV2pBdk1TMHdLd1lEVlFRREV5UTJaalJtCllUQmtNQzB5Tm1FM0xUUTVNekl0T0RSbU1DMHdORFF5TW1VMlptSTRaRGN3Z2dFaU1BMEdDU3FHU0liM0RRRUIKQVFVQUE0SUJEd0F3Z2dFS0FvSUJBUUNhRE1wK3BJSTZEU2U2Ritxd1J1azlyR2dSUW9EUlphNnBhYTNpejIySQpYakR5TXIyaTM0enBCYlFvcGNkMFZJaVhrSjVxMlZFM0twcVVtZm93dU9VTkNFYk5yN0wvbFJPMmlYKzd2aHYxClJpeitnNkdDci9IVW1malhwR2l3V3lqRDVnZlBGN2lGdXRaSlF2WmVOdFlTUGpKVE10UFBtK1lvaXBYODlicW4KaElRZjM3alZkeTkwYk1YeGhyU2FsVVVCV25EKzdQM1N4dGlUdFhxU3lLOWV3Yi9RVDkwdVErTnV5R3oxMTVsTQphTm1QOFZkaUhBK3k0d2RtbER0S2RhZnVmT25TTDJOcXEvYkUrVjgwbm9nT2FMMTg4WFlNbkdtS2hIQ3FiYm96CjgwWTI1ejlsWGVDaGVPakFvN2hLV1Y4Z213ZjgxaWV5MlhUTmNZVzdpbnJCQWdNQkFBR2pJekFoTUE0R0ExVWQKRHdFQi93UUVBd0lDQkRBUEJnTlZIUk1CQWY4RUJUQURBUUgvTUEwR0NTcUdTSWIzRFFFQkN3VUFBNElCQVFCNwpPUW54Nm80VGpqT3Q5TS9IaHpUVFFDbTRJYm5FTU9IUFFhbjBUOS9QeDdPVWY0L0x2ejVUN1k0OTA1SDJzN2w1CnZROUYwOVF2V2FFbEU1N3VtUEdodWRLdjFOaGRzVkdVejBDVktUZFNiZmZNZnRBSWVSUTR2czRDemhjQndlZ2EKRXFKaU9NQUlVKzdxWW1xZUY5K01IaDMyU0tTd2ZLQ1k1MEp6NndGM2U3TnYvbkx3d1MxdnNZRWNESXRCeXZBegowcEJIUTZmSmlST2hZait4QW1nUmlFODJXZi96cXdVcUh1ZU1jUURXQUVXTHNVUllwcDdEbGI2SnQvY2xUWDRsCmxia21tQm8yVklIMW1CSnNMUnVSQUhhS0xaaktpWnZJaXhjOWwxRnZXVTdmb3pXMkRSL2NUbnkwWEpGRHJJZ0oKOGxRRVd2bGdhS2RtUzgxUDFJMnAKLS0tLS1FTkQgQ0VSVElGSUNBVEUtLS0tLQo=",
                "password": "",
                "username": ""
              }
            ],
            "master_authorized_networks_config": [],
            "master_version": "1.13.11-gke.14",
            "min_master_version": null,
            "monitoring_service": "monitoring.googleapis.com/kubernetes",
            "name": "inretail-tpo-challenge-cluster",
            "network": "projects/mvillarreal-tpo-challenge/global/networks/private-network",
            "network_policy": [
              {
                "enabled": false,
                "provider": "PROVIDER_UNSPECIFIED"
              }
            ],
            "node_config": [
              {
                "disk_size_gb": 100,
                "disk_type": "pd-standard",
                "guest_accelerator": [],
                "image_type": "COS",
                "labels": {
                  "app": "inretail-tpo-challenge",
                  "environment": "test"
                },
                "local_ssd_count": 0,
                "machine_type": "n1-standard-1",
                "metadata": {
                  "disable-legacy-endpoints": "true"
                },
                "min_cpu_platform": "",
                "oauth_scopes": [
                  "https://www.googleapis.com/auth/devstorage.read_only",
                  "https://www.googleapis.com/auth/logging.write"
                ],
                "preemptible": false,
                "sandbox_config": [],
                "service_account": "default",
                "shielded_instance_config": [
                  {
                    "enable_integrity_monitoring": true,
                    "enable_secure_boot": false
                  }
                ],
                "tags": [
                  "dev",
                  "qa",
                  "prod",
                  "mvillarreal",
                  "inretail"
                ],
                "taint": [],
                "workload_metadata_config": []
              }
            ],
            "node_locations": [],
            "node_pool": [
              {
                "autoscaling": [],
                "initial_node_count": 2,
                "instance_group_urls": [
                  "https://www.googleapis.com/compute/v1/projects/mvillarreal-tpo-challenge/zones/us-central1-a/instanceGroupManagers/gke-inretail-tpo-challen-default-pool-706a7694-grp"
                ],
                "management": [
                  {
                    "auto_repair": false,
                    "auto_upgrade": false
                  }
                ],
                "max_pods_per_node": 0,
                "name": "default-pool",
                "name_prefix": "",
                "node_config": [
                  {
                    "disk_size_gb": 100,
                    "disk_type": "pd-standard",
                    "guest_accelerator": [],
                    "image_type": "COS",
                    "labels": {
                      "app": "inretail-tpo-challenge",
                      "environment": "test"
                    },
                    "local_ssd_count": 0,
                    "machine_type": "n1-standard-1",
                    "metadata": {
                      "disable-legacy-endpoints": "true"
                    },
                    "min_cpu_platform": "",
                    "oauth_scopes": [
                      "https://www.googleapis.com/auth/devstorage.read_only",
                      "https://www.googleapis.com/auth/logging.write",
                      "https://www.googleapis.com/auth/monitoring"
                    ],
                    "preemptible": false,
                    "sandbox_config": [],
                    "service_account": "default",
                    "shielded_instance_config": [
                      {
                        "enable_integrity_monitoring": true,
                        "enable_secure_boot": false
                      }
                    ],
                    "tags": [
                      "dev",
                      "qa",
                      "prod",
                      "mvillarreal",
                      "inretail"
                    ],
                    "taint": [],
                    "workload_metadata_config": []
                  }
                ],
                "node_count": 2,
                "version": "1.13.11-gke.14"
              }
            ],
            "node_version": "1.13.11-gke.14",
            "operation": null,
            "pod_security_policy_config": null,
            "private_cluster_config": [],
            "project": "mvillarreal-tpo-challenge",
            "region": null,
            "remove_default_node_pool": null,
            "resource_labels": null,
            "services_ipv4_cidr": "10.3.240.0/20",
            "subnetwork": "projects/mvillarreal-tpo-challenge/regions/us-central1/subnetworks/private-network",
            "timeouts": {
              "create": "30m",
              "delete": null,
              "update": "40m"
            },
            "vertical_pod_autoscaling": [],
            "zone": null
          },
          "private": "eyJlMmJmYjczMC1lY2FhLTExZTYtOGY4OC0zNDM2M2JjN2M0YzAiOnsiY3JlYXRlIjoxODAwMDAwMDAwMDAwLCJkZWxldGUiOjI0MDAwMDAwMDAwMDAsInVwZGF0ZSI6MjQwMDAwMDAwMDAwMH0sInNjaGVtYV92ZXJzaW9uIjoiMSJ9",
          "depends_on": [
            "google_compute_network.private_network"
          ]
        }
      ]
    },
    {
      "mode": "managed",
      "type": "google_dns_managed_zone",
      "name": "challenge",
      "provider": "provider.google",
      "instances": [
        {
          "schema_version": 0,
          "attributes": {
            "description": "Managed by Terraform",
            "dns_name": "challenge.mvillarreal.com.",
            "dnssec_config": [],
            "id": "projects/mvillarreal-tpo-challenge/managedZones/challenge-zone",
            "labels": {},
            "name": "challenge-zone",
            "name_servers": [
              "ns-cloud-d1.googledomains.com.",
              "ns-cloud-d2.googledomains.com.",
              "ns-cloud-d3.googledomains.com.",
              "ns-cloud-d4.googledomains.com."
            ],
            "private_visibility_config": [],
            "project": "mvillarreal-tpo-challenge",
            "timeouts": null,
            "visibility": "public"
          },
          "private": "eyJlMmJmYjczMC1lY2FhLTExZTYtOGY4OC0zNDM2M2JjN2M0YzAiOnsiY3JlYXRlIjoyNDAwMDAwMDAwMDAsImRlbGV0ZSI6MjQwMDAwMDAwMDAwLCJ1cGRhdGUiOjI0MDAwMDAwMDAwMH19"
        }
      ]
    },
    {
      "mode": "managed",
      "type": "google_dns_record_set",
      "name": "a_record",
      "provider": "provider.google",
      "instances": [
        {
          "schema_version": 0,
          "attributes": {
            "id": "challenge-zone/backend.challenge.mvillarreal.com./A",
            "managed_zone": "challenge-zone",
            "name": "backend.challenge.mvillarreal.com.",
            "project": "mvillarreal-tpo-challenge",
            "rrdatas": [
              "34.107.136.77"
            ],
            "ttl": 300,
            "type": "A"
          },
          "private": "bnVsbA==",
          "depends_on": [
            "google_compute_global_address.tpo_address",
            "google_dns_managed_zone.challenge"
          ]
        }
      ]
    },
    {
      "mode": "managed",
      "type": "google_dns_record_set",
      "name": "cname_record",
      "provider": "provider.google",
      "instances": [
        {
          "schema_version": 0,
          "attributes": {
            "id": "challenge-zone/frontend.challenge.mvillarreal.com./CNAME",
            "managed_zone": "challenge-zone",
            "name": "frontend.challenge.mvillarreal.com.",
            "project": "mvillarreal-tpo-challenge",
            "rrdatas": [
              "api.mvillarreal.com."
            ],
            "ttl": 300,
            "type": "CNAME"
          },
          "private": "bnVsbA==",
          "depends_on": [
            "google_dns_managed_zone.challenge"
          ]
        }
      ]
    }
  ]
}
